1d15faa7cfb474455c3a1193b454ce493d49589b0f9f62b0b8beff65a00f6403  0001-keiro-bootstrap.sql
4c9c645e7ac9ebc9228638a89580613bd0058444e20047486d4bd7696b9ddb0a  0002-keiro-outbox.sql
71aabbfd93e66b324691ca856ca73245d62d84d984ca162e1388726127daa5e5  0003-keiro-inbox.sql
42f1bbd4fb23b27b2be434f25b559b2e17870f1d8c6efbcf2ae6a702c6136f98  0004-keiro-timer-recovery.sql
e967d41342cddc8cfe8381e5f562603dbc9a10e61232458e24c5cb291cfe9047  0005-keiro-workflow-steps.sql
3b20ba3981ae718cfbb9ed68318131a50ca5ad715b459868b79ac1f4c138fc5c  0006-keiro-awakeables.sql
975c0e6480fa01f2af1e2c45a4396e2588af4560c9803b55e8b574ea2e69b5b2  0007-keiro-workflow-children.sql
f05e8254de4c328f9319db4db8b9a78d6fba552c245acf0e24c6c450d8d71559  0008-keiro-workflow-generation.sql
1a93b4fdad24624b168a0aeeb12c659c59764660cc11fa564e77aa4b32a54fca  0009-keiro-subscription-shards.sql
49a963745a637c8e0248b5b958a719ccc772dbd02ca77cf706fee5de8d8d1a85  0010-keiro-messaging-crash-recovery.sql
7c329c9f439d2bab927debf5dc8b96acb438b4e240ef16292723398ddf005fea  0011-keiro-workflows-instances.sql
77c394334c64ff0631eb1c831f60629123ae255f1be7fb1716748b6ff9d0b701  0012-keiro-workflow-gc-index.sql
a2ea08ce3debec078e89490403241d9fd4e5d4ff3ea64b2c01ab236fb2dda313  0013-keiro-workflows-wake-after.sql
ed5bef75d195df0335b86d36256fd4f1dab30cb1eab4e05f0a321bf8d989503a  0014-keiro-projection-dedup.sql
fd65320576b06e8d30a8308ac790be463c09906e74d81a6fd535e7745ef943c5  0015-keiro-outbox-claim-order-index.sql
50b169c9bc98e7ab6845c74b105d13990af3cdb2e587445fd869e942c28df81d  0016-keiro-inbox-drop-received-idx.sql
e2690e1e2517d28e596330d3bdfcc07f6a8d7e1b6e87b94f726630d221663900  0017-schema-management-comment.sql
be7e510421f983ac2e446ae655d000b810b19cf2667f328dd7caf41a2101d0b6  0018.sql
7a0d0280d8d54f811c33b4bec525d78fe8f172de92b62e4745dcdd217c656209  0019-keiro-snapshots-state-shape-hash.sql
c125e8c32a0848854d94bce1245f349cf7f479326a1bf540e9dba9e222b75a4f  0020-keiro-workflow-children-failure-reason.sql
