1d15faa7cfb474455c3a1193b454ce493d49589b0f9f62b0b8beff65a00f6403  2026-05-17-13-58-15-keiro-bootstrap.sql
4c9c645e7ac9ebc9228638a89580613bd0058444e20047486d4bd7696b9ddb0a  2026-05-19-12-55-02-keiro-outbox.sql
71aabbfd93e66b324691ca856ca73245d62d84d984ca162e1388726127daa5e5  2026-05-19-13-05-23-keiro-inbox.sql
42f1bbd4fb23b27b2be434f25b559b2e17870f1d8c6efbcf2ae6a702c6136f98  2026-06-03-05-14-28-keiro-timer-recovery.sql
e967d41342cddc8cfe8381e5f562603dbc9a10e61232458e24c5cb291cfe9047  2026-06-03-16-10-05-keiro-workflow-steps.sql
3b20ba3981ae718cfbb9ed68318131a50ca5ad715b459868b79ac1f4c138fc5c  2026-06-03-18-19-41-keiro-awakeables.sql
975c0e6480fa01f2af1e2c45a4396e2588af4560c9803b55e8b574ea2e69b5b2  2026-06-03-19-49-23-keiro-workflow-children.sql
f05e8254de4c328f9319db4db8b9a78d6fba552c245acf0e24c6c450d8d71559  2026-06-04-02-12-28-keiro-workflow-generation.sql
1a93b4fdad24624b168a0aeeb12c659c59764660cc11fa564e77aa4b32a54fca  2026-06-04-03-53-34-keiro-subscription-shards.sql
49a963745a637c8e0248b5b958a719ccc772dbd02ca77cf706fee5de8d8d1a85  2026-06-15-13-22-31-keiro-messaging-crash-recovery.sql
7c329c9f439d2bab927debf5dc8b96acb438b4e240ef16292723398ddf005fea  2026-06-15-15-07-25-keiro-workflows-instances.sql
77c394334c64ff0631eb1c831f60629123ae255f1be7fb1716748b6ff9d0b701  2026-06-15-17-53-48-keiro-workflow-gc-index.sql
a2ea08ce3debec078e89490403241d9fd4e5d4ff3ea64b2c01ab236fb2dda313  2026-06-15-18-01-33-keiro-workflows-wake-after.sql
ed5bef75d195df0335b86d36256fd4f1dab30cb1eab4e05f0a321bf8d989503a  2026-06-15-21-49-37-keiro-projection-dedup.sql
fd65320576b06e8d30a8308ac790be463c09906e74d81a6fd535e7745ef943c5  2026-07-02-00-15-48-keiro-outbox-claim-order-index.sql
50b169c9bc98e7ab6845c74b105d13990af3cdb2e587445fd869e942c28df81d  2026-07-02-00-58-54-keiro-inbox-drop-received-idx.sql
